// !$*UTF8*$!
{
	archiveVersion = 1;
	classes = {
	};
	objectVersion = 46;
	objects = {

/* Begin PBXBuildFile section */
		142B565B1EF76F8300FCAF4E /* TableViewDataSourceDelegate.swift in Sources */ = {isa = PBXBuildFile; fileRef = 142B565A1EF76F8300FCAF4E /* TableViewDataSourceDelegate.swift */; };
		1431B8931EEB094A00D767DA /* SKTableViewDataSource.h in Headers */ = {isa = PBXBuildFile; fileRef = 1431B88C1EEB094A00D767DA /* SKTableViewDataSource.h */; settings = {ATTRIBUTES = (Public, ); }; };
		1431B8941EEB094A00D767DA /* TableViewDataSource.swift in Sources */ = {isa = PBXBuildFile; fileRef = 1431B88D1EEB094A00D767DA /* TableViewDataSource.swift */; };
		1431B8981EEB095700D767DA /* MockTableViewDataSourceDelegate.swift in Sources */ = {isa = PBXBuildFile; fileRef = 1431B8901EEB094A00D767DA /* MockTableViewDataSourceDelegate.swift */; };
		1431B8991EEB095700D767DA /* TableViewDataSourceSpec.swift in Sources */ = {isa = PBXBuildFile; fileRef = 1431B8911EEB094A00D767DA /* TableViewDataSourceSpec.swift */; };
		146437631EEB045B008FD84F /* SKTableViewDataSource.framework in Frameworks */ = {isa = PBXBuildFile; fileRef = 146437591EEB045B008FD84F /* SKTableViewDataSource.framework */; };
		14810B7F1EF1BA98005F537B /* MockTableView.swift in Sources */ = {isa = PBXBuildFile; fileRef = 14810B7D1EF1B9EE005F537B /* MockTableView.swift */; };
		96FF1F5635B01DE193BFD4EC /* Pods_SKTableViewDataSourceTests.framework in Frameworks */ = {isa = PBXBuildFile; fileRef = 17E39F37AA983FEBB68D3340 /* Pods_SKTableViewDataSourceTests.framework */; };
		A4037CCAF6A616EF41FEEC5A /* Pods_SKTableViewDataSource.framework in Frameworks */ = {isa = PBXBuildFile; fileRef = BA505166F294676FA42C2521 /* Pods_SKTableViewDataSource.framework */; };
/* End PBXBuildFile section */

/* Begin PBXContainerItemProxy section */
		146437641EEB045B008FD84F /* PBXContainerItemProxy */ = {
			isa = PBXContainerItemProxy;
			containerPortal = 146437501EEB045B008FD84F /* Project object */;
			proxyType = 1;
			remoteGlobalIDString = 146437581EEB045B008FD84F;
			remoteInfo = SKTableViewDataSource;
		};
/* End PBXContainerItemProxy section */

/* Begin PBXFileReference section */
		0075FEEE5559F2C44A5DF8A3 /* Pods-SKTableViewDataSource.release.xcconfig */ = {isa = PBXFileReference; includeInIndex = 1; lastKnownFileType = text.xcconfig; name = "Pods-SKTableViewDataSource.release.xcconfig"; path = "Pods/Target Support Files/Pods-SKTableViewDataSource/Pods-SKTableViewDataSource.release.xcconfig"; sourceTree = "<group>"; };
		0F2AE1C6EC26C45BF83967D4 /* Pods-SKTableViewDataSourceTests.debug.xcconfig */ = {isa = PBXFileReference; includeInIndex = 1; lastKnownFileType = text.xcconfig; name = "Pods-SKTableViewDataSourceTests.debug.xcconfig"; path = "Pods/Target Support Files/Pods-SKTableViewDataSourceTests/Pods-SKTableViewDataSourceTests.debug.xcconfig"; sourceTree = "<group>"; };
		142B565A1EF76F8300FCAF4E /* TableViewDataSourceDelegate.swift */ = {isa = PBXFileReference; fileEncoding = 4; lastKnownFileType = sourcecode.swift; path = TableViewDataSourceDelegate.swift; sourceTree = "<group>"; };
		1431B88B1EEB094A00D767DA /* Info.plist */ = {isa = PBXFileReference; fileEncoding = 4; lastKnownFileType = text.plist.xml; path = Info.plist; sourceTree = "<group>"; };
		1431B88C1EEB094A00D767DA /* SKTableViewDataSource.h */ = {isa = PBXFileReference; fileEncoding = 4; lastKnownFileType = sourcecode.c.h; path = SKTableViewDataSource.h; sourceTree = "<group>"; };
		1431B88D1EEB094A00D767DA /* TableViewDataSource.swift */ = {isa = PBXFileReference; fileEncoding = 4; lastKnownFileType = sourcecode.swift; path = TableViewDataSource.swift; sourceTree = "<group>"; };
		1431B88F1EEB094A00D767DA /* Info.plist */ = {isa = PBXFileReference; fileEncoding = 4; lastKnownFileType = text.plist.xml; path = Info.plist; sourceTree = "<group>"; };
		1431B8901EEB094A00D767DA /* MockTableViewDataSourceDelegate.swift */ = {isa = PBXFileReference; fileEncoding = 4; lastKnownFileType = sourcecode.swift; path = MockTableViewDataSourceDelegate.swift; sourceTree = "<group>"; };
		1431B8911EEB094A00D767DA /* TableViewDataSourceSpec.swift */ = {isa = PBXFileReference; fileEncoding = 4; lastKnownFileType = sourcecode.swift; path = TableViewDataSourceSpec.swift; sourceTree = "<group>"; };
		146437591EEB045B008FD84F /* SKTableViewDataSource.framework */ = {isa = PBXFileReference; explicitFileType = wrapper.framework; includeInIndex = 0; path = SKTableViewDataSource.framework; sourceTree = BUILT_PRODUCTS_DIR; };
		146437621EEB045B008FD84F /* SKTableViewDataSourceTests.xctest */ = {isa = PBXFileReference; explicitFileType = wrapper.cfbundle; includeInIndex = 0; path = SKTableViewDataSourceTests.xctest; sourceTree = BUILT_PRODUCTS_DIR; };
		14810B7D1EF1B9EE005F537B /* MockTableView.swift */ = {isa = PBXFileReference; fileEncoding = 4; lastKnownFileType = sourcecode.swift; path = MockTableView.swift; sourceTree = "<group>"; };
		17E39F37AA983FEBB68D3340 /* Pods_SKTableViewDataSourceTests.framework */ = {isa = PBXFileReference; explicitFileType = wrapper.framework; includeInIndex = 0; path = Pods_SKTableViewDataSourceTests.framework; sourceTree = BUILT_PRODUCTS_DIR; };
		3EA611E15AC3B313A20CFCDD /* Pods-SKTableViewDataSourceTests.release.xcconfig */ = {isa = PBXFileReference; includeInIndex = 1; lastKnownFileType = text.xcconfig; name = "Pods-SKTableViewDataSourceTests.release.xcconfig"; path = "Pods/Target Support Files/Pods-SKTableViewDataSourceTests/Pods-SKTableViewDataSourceTests.release.xcconfig"; sourceTree = "<group>"; };
		85950265CD0523A847FF3446 /* Pods-SKTableViewDataSource.debug.xcconfig */ = {isa = PBXFileReference; includeInIndex = 1; lastKnownFileType = text.xcconfig; name = "Pods-SKTableViewDataSource.debug.xcconfig"; path = "Pods/Target Support Files/Pods-SKTableViewDataSource/Pods-SKTableViewDataSource.debug.xcconfig"; sourceTree = "<group>"; };
		BA505166F294676FA42C2521 /* Pods_SKTableViewDataSource.framework */ = {isa = PBXFileReference; explicitFileType = wrapper.framework; includeInIndex = 0; path = Pods_SKTableViewDataSource.framework; sourceTree = BUILT_PRODUCTS_DIR; };
/* End PBXFileReference section */

/* Begin PBXFrameworksBuildPhase section */
		146437551EEB045B008FD84F /* Frameworks */ = {
			isa = PBXFrameworksBuildPhase;
			buildActionMask = 2147483647;
			files = (
				A4037CCAF6A616EF41FEEC5A /* Pods_SKTableViewDataSource.framework in Frameworks */,
			);
			runOnlyForDeploymentPostprocessing = 0;
		};
		1464375F1EEB045B008FD84F /* Frameworks */ = {
			isa = PBXFrameworksBuildPhase;
			buildActionMask = 2147483647;
			files = (
				146437631EEB045B008FD84F /* SKTableViewDataSource.framework in Frameworks */,
				96FF1F5635B01DE193BFD4EC /* Pods_SKTableViewDataSourceTests.framework in Frameworks */,
			);
			runOnlyForDeploymentPostprocessing = 0;
		};
/* End PBXFrameworksBuildPhase section */

/* Begin PBXGroup section */
		1431B88A1EEB094A00D767DA /* Source */ = {
			isa = PBXGroup;
			children = (
				1431B88B1EEB094A00D767DA /* Info.plist */,
				1431B88C1EEB094A00D767DA /* SKTableViewDataSource.h */,
				1431B88D1EEB094A00D767DA /* TableViewDataSource.swift */,
				142B565A1EF76F8300FCAF4E /* TableViewDataSourceDelegate.swift */,
			);
			path = Source;
			sourceTree = "<group>";
		};
		1431B88E1EEB094A00D767DA /* Tests */ = {
			isa = PBXGroup;
			children = (
				1431B88F1EEB094A00D767DA /* Info.plist */,
				14810B7D1EF1B9EE005F537B /* MockTableView.swift */,
				1431B8901EEB094A00D767DA /* MockTableViewDataSourceDelegate.swift */,
				1431B8911EEB094A00D767DA /* TableViewDataSourceSpec.swift */,
			);
			path = Tests;
			sourceTree = "<group>";
		};
		1464374F1EEB045B008FD84F = {
			isa = PBXGroup;
			children = (
				1431B88A1EEB094A00D767DA /* Source */,
				1431B88E1EEB094A00D767DA /* Tests */,
				1464375A1EEB045B008FD84F /* Products */,
				D49D03508ACC09E5D628F58E /* Pods */,
				6A33AB6F3EE8DBBA8D6B5BBE /* Frameworks */,
			);
			sourceTree = "<group>";
		};
		1464375A1EEB045B008FD84F /* Products */ = {
			isa = PBXGroup;
			children = (
				146437591EEB045B008FD84F /* SKTableViewDataSource.framework */,
				146437621EEB045B008FD84F /* SKTableViewDataSourceTests.xctest */,
			);
			name = Products;
			sourceTree = "<group>";
		};
		6A33AB6F3EE8DBBA8D6B5BBE /* Frameworks */ = {
			isa = PBXGroup;
			children = (
				BA505166F294676FA42C2521 /* Pods_SKTableViewDataSource.framework */,
				17E39F37AA983FEBB68D3340 /* Pods_SKTableViewDataSourceTests.framework */,
			);
			name = Frameworks;
			sourceTree = "<group>";
		};
		D49D03508ACC09E5D628F58E /* Pods */ = {
			isa = PBXGroup;
			children = (
				85950265CD0523A847FF3446 /* Pods-SKTableViewDataSource.debug.xcconfig */,
				0075FEEE5559F2C44A5DF8A3 /* Pods-SKTableViewDataSource.release.xcconfig */,
				0F2AE1C6EC26C45BF83967D4 /* Pods-SKTableViewDataSourceTests.debug.xcconfig */,
				3EA611E15AC3B313A20CFCDD /* Pods-SKTableViewDataSourceTests.release.xcconfig */,
			);
			name = Pods;
			sourceTree = "<group>";
		};
/* End PBXGroup section */

/* Begin PBXHeadersBuildPhase section */
		146437561EEB045B008FD84F /* Headers */ = {
			isa = PBXHeadersBuildPhase;
			buildActionMask = 2147483647;
			files = (
				1431B8931EEB094A00D767DA /* SKTableViewDataSource.h in Headers */,
			);
			runOnlyForDeploymentPostprocessing = 0;
		};
/* End PBXHeadersBuildPhase section */

/* Begin PBXNativeTarget section */
		146437581EEB045B008FD84F /* SKTableViewDataSource */ = {
			isa = PBXNativeTarget;
			buildConfigurationList = 1464376D1EEB045B008FD84F /* Build configuration list for PBXNativeTarget "SKTableViewDataSource" */;
			buildPhases = (
				96A0C43019A5C2DBCEB8CE58 /* [CP] Check Pods Manifest.lock */,
				146437541EEB045B008FD84F /* Sources */,
				146437551EEB045B008FD84F /* Frameworks */,
				146437561EEB045B008FD84F /* Headers */,
				146437571EEB045B008FD84F /* Resources */,
				8133890F48ABBBEE556BDA2F /* [CP] Copy Pods Resources */,
				1431B8881EEB056700D767DA /* SwiftLint */,
			);
			buildRules = (
			);
			dependencies = (
			);
			name = SKTableViewDataSource;
			productName = SKTableViewDataSource;
			productReference = 146437591EEB045B008FD84F /* SKTableViewDataSource.framework */;
			productType = "com.apple.product-type.framework";
		};
		146437611EEB045B008FD84F /* SKTableViewDataSourceTests */ = {
			isa = PBXNativeTarget;
			buildConfigurationList = 146437701EEB045B008FD84F /* Build configuration list for PBXNativeTarget "SKTableViewDataSourceTests" */;
			buildPhases = (
				722A86074567B06D155D8854 /* [CP] Check Pods Manifest.lock */,
				1464375E1EEB045B008FD84F /* Sources */,
				1464375F1EEB045B008FD84F /* Frameworks */,
				146437601EEB045B008FD84F /* Resources */,
				07AC971BF018E4C0AA53DB61 /* [CP] Embed Pods Frameworks */,
				BF299EC0A729081E37BF1335 /* [CP] Copy Pods Resources */,
			);
			buildRules = (
			);
			dependencies = (
				146437651EEB045B008FD84F /* PBXTargetDependency */,
			);
			name = SKTableViewDataSourceTests;
			productName = SKTableViewDataSourceTests;
			productReference = 146437621EEB045B008FD84F /* SKTableViewDataSourceTests.xctest */;
			productType = "com.apple.product-type.bundle.unit-test";
		};
/* End PBXNativeTarget section */

/* Begin PBXProject section */
		146437501EEB045B008FD84F /* Project object */ = {
			isa = PBXProject;
			attributes = {
				LastSwiftUpdateCheck = 0830;
				LastUpgradeCheck = 0830;
				ORGANIZATIONNAME = "Sean Kladek";
				TargetAttributes = {
					146437581EEB045B008FD84F = {
						CreatedOnToolsVersion = 8.3.2;
						DevelopmentTeam = MV978XDK83;
						LastSwiftMigration = 0900;
						ProvisioningStyle = Automatic;
					};
					146437611EEB045B008FD84F = {
						CreatedOnToolsVersion = 8.3.2;
						DevelopmentTeam = MV978XDK83;
						LastSwiftMigration = 0900;
						ProvisioningStyle = Automatic;
					};
				};
			};
			buildConfigurationList = 146437531EEB045B008FD84F /* Build configuration list for PBXProject "SKTableViewDataSource" */;
			compatibilityVersion = "Xcode 3.2";
			developmentRegion = English;
			hasScannedForEncodings = 0;
			knownRegions = (
				en,
			);
			mainGroup = 1464374F1EEB045B008FD84F;
			productRefGroup = 1464375A1EEB045B008FD84F /* Products */;
			projectDirPath = "";
			projectRoot = "";
			targets = (
				146437581EEB045B008FD84F /* SKTableViewDataSource */,
				146437611EEB045B008FD84F /* SKTableViewDataSourceTests */,
			);
		};
/* End PBXProject section */

/* Begin PBXResourcesBuildPhase section */
		146437571EEB045B008FD84F /* Resources */ = {
			isa = PBXResourcesBuildPhase;
			buildActionMask = 2147483647;
			files = (
			);
			runOnlyForDeploymentPostprocessing = 0;
		};
		146437601EEB045B008FD84F /* Resources */ = {
			isa = PBXResourcesBuildPhase;
			buildActionMask = 2147483647;
			files = (
			);
			runOnlyForDeploymentPostprocessing = 0;
		};
/* End PBXResourcesBuildPhase section */

/* Begin PBXShellScriptBuildPhase section */
		07AC971BF018E4C0AA53DB61 /* [CP] Embed Pods Frameworks */ = {
			isa = PBXShellScriptBuildPhase;
			buildActionMask = 2147483647;
			files = (
			);
			inputPaths = (
			);
			name = "[CP] Embed Pods Frameworks";
			outputPaths = (
			);
			runOnlyForDeploymentPostprocessing = 0;
			shellPath = /bin/sh;
			shellScript = "\"${SRCROOT}/Pods/Target Support Files/Pods-SKTableViewDataSourceTests/Pods-SKTableViewDataSourceTests-frameworks.sh\"\n";
			showEnvVarsInLog = 0;
		};
		1431B8881EEB056700D767DA /* SwiftLint */ = {
			isa = PBXShellScriptBuildPhase;
			buildActionMask = 2147483647;
			files = (
			);
			inputPaths = (
			);
			name = SwiftLint;
			outputPaths = (
			);
			runOnlyForDeploymentPostprocessing = 0;
			shellPath = /bin/sh;
			shellScript = "${PODS_ROOT}/SwiftLint/swiftlint";
		};
		722A86074567B06D155D8854 /* [CP] Check Pods Manifest.lock */ = {
			isa = PBXShellScriptBuildPhase;
			buildActionMask = 2147483647;
			files = (
			);
			inputPaths = (
			);
			name = "[CP] Check Pods Manifest.lock";
			outputPaths = (
			);
			runOnlyForDeploymentPostprocessing = 0;
			shellPath = /bin/sh;
			shellScript = "diff \"${PODS_PODFILE_DIR_PATH}/Podfile.lock\" \"${PODS_ROOT}/Manifest.lock\" > /dev/null\nif [ $? != 0 ] ; then\n    # print error to STDERR\n    echo \"error: The sandbox is not in sync with the Podfile.lock. Run 'pod install' or update your CocoaPods installation.\" >&2\n    exit 1\nfi\n";
			showEnvVarsInLog = 0;
		};
		8133890F48ABBBEE556BDA2F /* [CP] Copy Pods Resources */ = {
			isa = PBXShellScriptBuildPhase;
			buildActionMask = 2147483647;
			files = (
			);
			inputPaths = (
			);
			name = "[CP] Copy Pods Resources";
			outputPaths = (
			);
			runOnlyForDeploymentPostprocessing = 0;
			shellPath = /bin/sh;
			shellScript = "\"${SRCROOT}/Pods/Target Support Files/Pods-SKTableViewDataSource/Pods-SKTableViewDataSource-resources.sh\"\n";
			showEnvVarsInLog = 0;
		};
		96A0C43019A5C2DBCEB8CE58 /* [CP] Check Pods Manifest.lock */ = {
			isa = PBXShellScriptBuildPhase;
			buildActionMask = 2147483647;
			files = (
			);
			inputPaths = (
			);
			name = "[CP] Check Pods Manifest.lock";
			outputPaths = (
			);
			runOnlyForDeploymentPostprocessing = 0;
			shellPath = /bin/sh;
			shellScript = "diff \"${PODS_PODFILE_DIR_PATH}/Podfile.lock\" \"${PODS_ROOT}/Manifest.lock\" > /dev/null\nif [ $? != 0 ] ; then\n    # print error to STDERR\n    echo \"error: The sandbox is not in sync with the Podfile.lock. Run 'pod install' or update your CocoaPods installation.\" >&2\n    exit 1\nfi\n";
			showEnvVarsInLog = 0;
		};
		BF299EC0A729081E37BF1335 /* [CP] Copy Pods Resources */ = {
			isa = PBXShellScriptBuildPhase;
			buildActionMask = 2147483647;
			files = (
			);
			inputPaths = (
			);
			name = "[CP] Copy Pods Resources";
			outputPaths = (
			);
			runOnlyForDeploymentPostprocessing = 0;
			shellPath = /bin/sh;
			shellScript = "\"${SRCROOT}/Pods/Target Support Files/Pods-SKTableViewDataSourceTests/Pods-SKTableViewDataSourceTests-resources.sh\"\n";
			showEnvVarsInLog = 0;
		};
/* End PBXShellScriptBuildPhase section */

/* Begin PBXSourcesBuildPhase section */
		146437541EEB045B008FD84F /* Sources */ = {
			isa = PBXSourcesBuildPhase;
			buildActionMask = 2147483647;
			files = (
				1431B8941EEB094A00D767DA /* TableViewDataSource.swift in Sources */,
				142B565B1EF76F8300FCAF4E /* TableViewDataSourceDelegate.swift in Sources */,
			);
			runOnlyForDeploymentPostprocessing = 0;
		};
		1464375E1EEB045B008FD84F /* Sources */ = {
			isa = PBXSourcesBuildPhase;
			buildActionMask = 2147483647;
			files = (
				1431B8981EEB095700D767DA /* MockTableViewDataSourceDelegate.swift in Sources */,
				14810B7F1EF1BA98005F537B /* MockTableView.swift in Sources */,
				1431B8991EEB095700D767DA /* TableViewDataSourceSpec.swift in Sources */,
			);
			runOnlyForDeploymentPostprocessing = 0;
		};
/* End PBXSourcesBuildPhase section */

/* Begin PBXTargetDependency section */
		146437651EEB045B008FD84F /* PBXTargetDependency */ = {
			isa = PBXTargetDependency;
			target = 146437581EEB045B008FD84F /* SKTableViewDataSource */;
			targetProxy = 146437641EEB045B008FD84F /* PBXContainerItemProxy */;
		};
/* End PBXTargetDependency section */

/* Begin XCBuildConfiguration section */
		1464376B1EEB045B008FD84F /* Debug */ = {
			isa = XCBuildConfiguration;
			buildSettings = {
				ALWAYS_SEARCH_USER_PATHS = NO;
				CLANG_ANALYZER_NONNULL = YES;
				CLANG_ANALYZER_NUMBER_OBJECT_CONVERSION = YES_AGGRESSIVE;
				CLANG_CXX_LANGUAGE_STANDARD = "gnu++0x";
				CLANG_CXX_LIBRARY = "libc++";
				CLANG_ENABLE_MODULES = YES;
				CLANG_ENABLE_OBJC_ARC = YES;
				CLANG_WARN_BOOL_CONVERSION = YES;
				CLANG_WARN_CONSTANT_CONVERSION = YES;
				CLANG_WARN_DIRECT_OBJC_ISA_USAGE = YES_ERROR;
				CLANG_WARN_DOCUMENTATION_COMMENTS = YES;
				CLANG_WARN_EMPTY_BODY = YES;
				CLANG_WARN_ENUM_CONVERSION = YES;
				CLANG_WARN_INFINITE_RECURSION = YES;
				CLANG_WARN_INT_CONVERSION = YES;
				CLANG_WARN_OBJC_ROOT_CLASS = YES_ERROR;
				CLANG_WARN_SUSPICIOUS_MOVE = YES;
				CLANG_WARN_UNREACHABLE_CODE = YES;
				CLANG_WARN__DUPLICATE_METHOD_MATCH = YES;
				"CODE_SIGN_IDENTITY[sdk=iphoneos*]" = "iPhone Developer";
				COPY_PHASE_STRIP = NO;
				CURRENT_PROJECT_VERSION = 1;
				DEBUG_INFORMATION_FORMAT = dwarf;
				ENABLE_STRICT_OBJC_MSGSEND = YES;
				ENABLE_TESTABILITY = YES;
				GCC_C_LANGUAGE_STANDARD = gnu99;
				GCC_DYNAMIC_NO_PIC = NO;
				GCC_NO_COMMON_BLOCKS = YES;
				GCC_OPTIMIZATION_LEVEL = 0;
				GCC_PREPROCESSOR_DEFINITIONS = (
					"DEBUG=1",
					"$(inherited)",
				);
				GCC_WARN_64_TO_32_BIT_CONVERSION = YES;
				GCC_WARN_ABOUT_RETURN_TYPE = YES_ERROR;
				GCC_WARN_UNDECLARED_SELECTOR = YES;
				GCC_WARN_UNINITIALIZED_AUTOS = YES_AGGRESSIVE;
				GCC_WARN_UNUSED_FUNCTION = YES;
				GCC_WARN_UNUSED_VARIABLE = YES;
				IPHONEOS_DEPLOYMENT_TARGET = 10.3;
				MTL_ENABLE_DEBUG_INFO = YES;
				ONLY_ACTIVE_ARCH = YES;
				SDKROOT = iphoneos;
				SWIFT_ACTIVE_COMPILATION_CONDITIONS = DEBUG;
				SWIFT_OPTIMIZATION_LEVEL = "-Onone";
				TARGETED_DEVICE_FAMILY = "1,2";
				VERSIONING_SYSTEM = "apple-generic";
				VERSION_INFO_PREFIX = "";
			};
			name = Debug;
		};
		1464376C1EEB045B008FD84F /* Release */ = {
			isa = XCBuildConfiguration;
			buildSettings = {
				ALWAYS_SEARCH_USER_PATHS = NO;
				CLANG_ANALYZER_NONNULL = YES;
				CLANG_ANALYZER_NUMBER_OBJECT_CONVERSION = YES_AGGRESSIVE;
				CLANG_CXX_LANGUAGE_STANDARD = "gnu++0x";
				CLANG_CXX_LIBRARY = "libc++";
				CLANG_ENABLE_MODULES = YES;
				CLANG_ENABLE_OBJC_ARC = YES;
				CLANG_WARN_BOOL_CONVERSION = YES;
				CLANG_WARN_CONSTANT_CONVERSION = YES;
				CLANG_WARN_DIRECT_OBJC_ISA_USAGE = YES_ERROR;
				CLANG_WARN_DOCUMENTATION_COMMENTS = YES;
				CLANG_WARN_EMPTY_BODY = YES;
				CLANG_WARN_ENUM_CONVERSION = YES;
				CLANG_WARN_INFINITE_RECURSION = YES;
				CLANG_WARN_INT_CONVERSION = YES;
				CLANG_WARN_OBJC_ROOT_CLASS = YES_ERROR;
				CLANG_WARN_SUSPICIOUS_MOVE = YES;
				CLANG_WARN_UNREACHABLE_CODE = YES;
				CLANG_WARN__DUPLICATE_METHOD_MATCH = YES;
				"CODE_SIGN_IDENTITY[sdk=iphoneos*]" = "iPhone Developer";
				COPY_PHASE_STRIP = NO;
				CURRENT_PROJECT_VERSION = 1;
				DEBUG_INFORMATION_FORMAT = "dwarf-with-dsym";
				ENABLE_NS_ASSERTIONS = NO;
				ENABLE_STRICT_OBJC_MSGSEND = YES;
				GCC_C_LANGUAGE_STANDARD = gnu99;
				GCC_NO_COMMON_BLOCKS = YES;
				GCC_WARN_64_TO_32_BIT_CONVERSION = YES;
				GCC_WARN_ABOUT_RETURN_TYPE = YES_ERROR;
				GCC_WARN_UNDECLARED_SELECTOR = YES;
				GCC_WARN_UNINITIALIZED_AUTOS = YES_AGGRESSIVE;
				GCC_WARN_UNUSED_FUNCTION = YES;
				GCC_WARN_UNUSED_VARIABLE = YES;
				IPHONEOS_DEPLOYMENT_TARGET = 10.3;
				MTL_ENABLE_DEBUG_INFO = NO;
				SDKROOT = iphoneos;
				SWIFT_OPTIMIZATION_LEVEL = "-Owholemodule";
				TARGETED_DEVICE_FAMILY = "1,2";
				VALIDATE_PRODUCT = YES;
				VERSIONING_SYSTEM = "apple-generic";
				VERSION_INFO_PREFIX = "";
			};
			name = Release;
		};
		1464376E1EEB045B008FD84F /* Debug */ = {
			isa = XCBuildConfiguration;
			baseConfigurationReference = 85950265CD0523A847FF3446 /* Pods-SKTableViewDataSource.debug.xcconfig */;
			buildSettings = {
				APPLICATION_EXTENSION_API_ONLY = YES;
				CODE_SIGN_IDENTITY = "";
				DEFINES_MODULE = YES;
				DEVELOPMENT_TEAM = MV978XDK83;
				DYLIB_COMPATIBILITY_VERSION = 1;
				DYLIB_CURRENT_VERSION = 1;
				DYLIB_INSTALL_NAME_BASE = "@rpath";
				INFOPLIST_FILE = "$(SRCROOT)/Source/Info.plist";
				INSTALL_PATH = "$(LOCAL_LIBRARY_DIR)/Frameworks";
				IPHONEOS_DEPLOYMENT_TARGET = 9.0;
				LD_RUNPATH_SEARCH_PATHS = "$(inherited) @executable_path/Frameworks @loader_path/Frameworks";
				PRODUCT_BUNDLE_IDENTIFIER = com.skladek.SKTableViewDataSource;
				PRODUCT_NAME = "$(TARGET_NAME)";
				SKIP_INSTALL = YES;
				SWIFT_VERSION = 4.0;
			};
			name = Debug;
		};
		1464376F1EEB045B008FD84F /* Release */ = {
			isa = XCBuildConfiguration;
			baseConfigurationReference = 0075FEEE5559F2C44A5DF8A3 /* Pods-SKTableViewDataSource.release.xcconfig */;
			buildSettings = {
				APPLICATION_EXTENSION_API_ONLY = YES;
				CODE_SIGN_IDENTITY = "";
				DEFINES_MODULE = YES;
				DEVELOPMENT_TEAM = MV978XDK83;
				DYLIB_COMPATIBILITY_VERSION = 1;
				DYLIB_CURRENT_VERSION = 1;
				DYLIB_INSTALL_NAME_BASE = "@rpath";
				INFOPLIST_FILE = "$(SRCROOT)/Source/Info.plist";
				INSTALL_PATH = "$(LOCAL_LIBRARY_DIR)/Frameworks";
				IPHONEOS_DEPLOYMENT_TARGET = 9.0;
				LD_RUNPATH_SEARCH_PATHS = "$(inherited) @executable_path/Frameworks @loader_path/Frameworks";
				PRODUCT_BUNDLE_IDENTIFIER = com.skladek.SKTableViewDataSource;
				PRODUCT_NAME = "$(TARGET_NAME)";
				SKIP_INSTALL = YES;
				SWIFT_VERSION = 4.0;
			};
			name = Release;
		};
		146437711EEB045B008FD84F /* Debug */ = {
			isa = XCBuildConfiguration;
			baseConfigurationReference = 0F2AE1C6EC26C45BF83967D4 /* Pods-SKTableViewDataSourceTests.debug.xcconfig */;
			buildSettings = {
				DEVELOPMENT_TEAM = MV978XDK83;
				INFOPLIST_FILE = Tests/Info.plist;
				LD_RUNPATH_SEARCH_PATHS = "$(inherited) @executable_path/Frameworks @loader_path/Frameworks";
				PRODUCT_BUNDLE_IDENTIFIER = com.skladek.SKTableViewDataSourceTests;
				PRODUCT_NAME = "$(TARGET_NAME)";
				SWIFT_VERSION = 4.0;
			};
			name = Debug;
		};
		146437721EEB045B008FD84F /* Release */ = {
			isa = XCBuildConfiguration;
			baseConfigurationReference = 3EA611E15AC3B313A20CFCDD /* Pods-SKTableViewDataSourceTests.release.xcconfig */;
			buildSettings = {
				DEVELOPMENT_TEAM = MV978XDK83;
				INFOPLIST_FILE = Tests/Info.plist;
				LD_RUNPATH_SEARCH_PATHS = "$(inherited) @executable_path/Frameworks @loader_path/Frameworks";
				PRODUCT_BUNDLE_IDENTIFIER = com.skladek.SKTableViewDataSourceTests;
				PRODUCT_NAME = "$(TARGET_NAME)";
				SWIFT_VERSION = 4.0;
			};
			name = Release;
		};
/* End XCBuildConfiguration section */

/* Begin XCConfigurationList section */
		146437531EEB045B008FD84F /* Build configuration list for PBXProject "SKTableViewDataSource" */ = {
			isa = XCConfigurationList;
			buildConfigurations = (
				1464376B1EEB045B008FD84F /* Debug */,
				1464376C1EEB045B008FD84F /* Release */,
			);
			defaultConfigurationIsVisible = 0;
			defaultConfigurationName = Release;
		};
		1464376D1EEB045B008FD84F /* Build configuration list for PBXNativeTarget "SKTableViewDataSource" */ = {
			isa = XCConfigurationList;
			buildConfigurations = (
				1464376E1EEB045B008FD84F /* Debug */,
				1464376F1EEB045B008FD84F /* Release */,
			);
			defaultConfigurationIsVisible = 0;
			defaultConfigurationName = Release;
		};
		146437701EEB045B008FD84F /* Build configuration list for PBXNativeTarget "SKTableViewDataSourceTests" */ = {
			isa = XCConfigurationList;
			buildConfigurations = (
				146437711EEB045B008FD84F /* Debug */,
				146437721EEB045B008FD84F /* Release */,
			);
			defaultConfigurationIsVisible = 0;
			defaultConfigurationName = Release;
		};
/* End XCConfigurationList section */
	};
	rootObject = 146437501EEB045B008FD84F /* Project object */;
}
